# THIS IS AN AUTOGENERATED FILE. DO NOT EDIT THIS FILE DIRECTLY.
# yarn lockfile v1


path-browserify@^1.0.1:
  version "1.0.1"
  resolved "https://registry.npm.taobao.org/path-browserify/download/path-browserify-1.0.1.tgz#d98454a9c3753d5790860f16f68867b9e46be1fd"
  integrity sha1-2YRUqcN1PVeQhg8W9ohnueRr4f0=
